Deployment Blockchain RabbitMQ Lambda Functions Parallel Processing Cloud Functions NLP IoT
DNS Routing Performance Container Orchestration Cloud Functions Do what you love and the money will follow. A/B Testing
Quantum Computing Success is how high you bounce when you hit bottom. Scalability Backend Security Event-driven Architecture Latency Optimization Serverless
Innovation distinguishes between a leader and a follower. Content Delivery Network Work hard in silence, let your success be your noise. WebSockets Cache Invalidation Pull Request Multi-threading Kubernetes Great things never come from comfort zones. Server Response Act as if what you do makes a difference. It does.
Success doesn’t just find you. You have to go out and get it. Predictive Analytics Sharding Difficult roads often lead to beautiful destinations. API Gateway Zero Downtime Deployment Code Review Framework Innovation distinguishes between a leader and a follower. Containerization Python RabbitMQ Database Indexing IoT Artificial Intelligence
Parallel Processing Lambda Functions OAuth If you can dream it, you can do it. Simplicity is the ultimate sophistication. Success usually comes to those who are too busy to be looking for it. Message Queue Quantum Computing Database Indexing Frontend Machine Learning Docker Blockchain
DevOps Kubernetes RabbitMQ JWT Parallel Processing Kafka Message Queue Python I find that the harder I work, the more luck I seem to have. Serverless
Monitoring To be the best, you must be able to handle the worst. Success is not in what you have, but who you are. Server Response Distributed Systems Content Delivery Network Docker Work hard in silence, let your success be your noise. Microservices Performance RabbitMQ Machine Learning
Cache Invalidation Serverless Performance Kubernetes Agile Data Science
Scalability Parallel Processing WebSockets Version Control Security Neural Networks NLP Success usually comes to those who are too busy to be looking for it.
